{
  "originHash" : "34c67ed476a6b1ebf5761437b9480ea37c2d210cd82a37d7c72fc3915ff14669",
  "pins" : [
    {
      "identity" : "base32",
      "kind" : "remoteSourceControl",
      "location" : "https://github.com/norio-nomura/Base32.git",
      "state" : {
        "revision" : "c4bc0a49689999ae2c7c778f3830a6a6e694efb8",
        "version" : "0.9.0"
      }
    },
    {
      "identity" : "bigint",
      "kind" : "remoteSourceControl",
      "location" : "https://github.com/attaswift/BigInt.git",
      "state" : {
        "revision" : "0ed110f7555c34ff468e72e1686e59721f2b0da6",
        "version" : "5.3.0"
      }
    },
    {
      "identity" : "cryptoswift",
      "kind" : "remoteSourceControl",
      "location" : "https://github.com/krzyzanowskim/CryptoSwift.git",
      "state" : {
        "revision" : "e45a26384239e028ec87fbcc788f513b67e10d8f",
        "version" : "1.9.0"
      }
    },
    {
      "identity" : "float16",
      "kind" : "remoteSourceControl",
      "location" : "https://github.com/SusanDoggie/Float16.git",
      "state" : {
        "revision" : "936ae66adccf1c91bcaeeb9c0cddde78a13695c3",
        "version" : "1.1.1"
      }
    },
    {
      "identity" : "potentcodables",
      "kind" : "remoteSourceControl",
      "location" : "https://github.com/KINGH242/PotentCodables.git",
      "state" : {
        "revision" : "1b3880253008d76dc16e48d6140a81d061214324",
        "version" : "3.6.0"
      }
    },
    {
      "identity" : "regex",
      "kind" : "remoteSourceControl",
      "location" : "https://github.com/sharplet/Regex.git",
      "state" : {
        "revision" : "76c2b73d4281d77fc3118391877efd1bf972f515",
        "version" : "2.1.1"
      }
    },
    {
      "identity" : "swift-asn1",
      "kind" : "remoteSourceControl",
      "location" : "https://github.com/apple/swift-asn1.git",
      "state" : {
        "revision" : "810496cf121e525d660cd0ea89a758740476b85f",
        "version" : "1.5.1"
      }
    },
    {
      "identity" : "swift-base58",
      "kind" : "remoteSourceControl",
      "location" : "https://github.com/KINGH242/swift-base58.git",
      "state" : {
        "revision" : "6136881c55edc352450a7cc8088ee8e7d145bea1",
        "version" : "0.1.2"
      }
    },
    {
      "identity" : "swift-cardano-core",
      "kind" : "remoteSourceControl",
      "location" : "https://github.com/Kingpin-Apps/swift-cardano-core.git",
      "state" : {
        "revision" : "becbd32df2d1edf7a3d5f2533ce5ebc23ec8fe58",
        "version" : "0.2.23"
      }
    },
    {
      "identity" : "swift-collections",
      "kind" : "remoteSourceControl",
      "location" : "https://github.com/apple/swift-collections.git",
      "state" : {
        "revision" : "8c0c0a8b49e080e54e5e328cc552821ff07cd341",
        "version" : "1.2.1"
      }
    },
    {
      "identity" : "swift-crypto",
      "kind" : "remoteSourceControl",
      "location" : "https://github.com/apple/swift-crypto.git",
      "state" : {
        "revision" : "95ba0316a9b733e92bb6b071255ff46263bbe7dc",
        "version" : "3.15.1"
      }
    },
    {
      "identity" : "swift-fraction-number",
      "kind" : "remoteSourceControl",
      "location" : "https://github.com/Frizlab/swift-fraction-number.git",
      "state" : {
        "revision" : "5eecb3b1f49c6abfcf1561faf63a86347018d787",
        "version" : "0.1.0"
      }
    },
    {
      "identity" : "swift-log",
      "kind" : "remoteSourceControl",
      "location" : "https://github.com/apple/swift-log.git",
      "state" : {
        "revision" : "ce592ae52f982c847a4efc0dd881cc9eb32d29f2",
        "version" : "1.6.4"
      }
    },
    {
      "identity" : "swift-mnemonic",
      "kind" : "remoteSourceControl",
      "location" : "https://github.com/Kingpin-Apps/swift-mnemonic.git",
      "state" : {
        "revision" : "b05972fe91e2fd63a507b73862842724007a35bc",
        "version" : "0.2.1"
      }
    },
    {
      "identity" : "swift-ncal",
      "kind" : "remoteSourceControl",
      "location" : "https://github.com/Kingpin-Apps/swift-ncal.git",
      "state" : {
        "revision" : "e42fbe3c3d45a159ac626c956c83466373927722",
        "version" : "0.2.1"
      }
    },
    {
      "identity" : "swift-numerics",
      "kind" : "remoteSourceControl",
      "location" : "https://github.com/apple/swift-numerics",
      "state" : {
        "revision" : "bbadd4b853a33fd78c4ae977d17bb2af15eb3f2a",
        "version" : "1.1.0"
      }
    },
    {
      "identity" : "uncommoncrypto.swift",
      "kind" : "remoteSourceControl",
      "location" : "https://github.com/tesseract-one/UncommonCrypto.swift.git",
      "state" : {
        "revision" : "075344faec47dadba98bef6a319e310c98be0820",
        "version" : "0.2.1"
      }
    }
  ],
  "version" : 3
}
